{
  "name": "core",
  "lockfileVersion": 2,
  "requires": true,
  "packages": {
    "": {
      "dependencies": {
        "gpt-crawler": "file:../../packages/gpt-crawler"
      }
    },
    "../../packages/gpt-crawler": {
      "version": "1.0.0",
      "license": "ISC",
      "dependencies": {
        "jsdom": "^22.1.0"
      }
    },
    "node_modules/gpt-crawler": {
      "resolved": "../../packages/gpt-crawler",
      "link": true
    }
  },
  "dependencies": {
    "gpt-crawler": {
      "version": "file:../../packages/gpt-crawler",
      "requires": {
        "jsdom": "^22.1.0"
      }
    }
  }
}
